// !$*UTF8*$!
{
	archiveVersion = 1;
	classes = {
	};
	objectVersion = 46;
	objects = {

/* Begin PBXBuildFile section */
		3C9203361E493CCD00B33213 /* AppDelegate.swift in Sources */ = {isa = PBXBuildFile; fileRef = 3C9203351E493CCD00B33213 /* AppDelegate.swift */; };
		3C9203381E493CCD00B33213 /* ViewController.swift in Sources */ = {isa = PBXBuildFile; fileRef = 3C9203371E493CCD00B33213 /* ViewController.swift */; };
		3C92033B1E493CCD00B33213 /* Main.storyboard in Resources */ = {isa = PBXBuildFile; fileRef = 3C9203391E493CCD00B33213 /* Main.storyboard */; };
		3C92033D1E493CCD00B33213 /* Assets.xcassets in Resources */ = {isa = PBXBuildFile; fileRef = 3C92033C1E493CCD00B33213 /* Assets.xcassets */; };
		3C9203401E493CCD00B33213 /* LaunchScreen.storyboard in Resources */ = {isa = PBXBuildFile; fileRef = 3C92033E1E493CCD00B33213 /* LaunchScreen.storyboard */; };
		3C92034D1E49564000B33213 /* WhatToDoViewController.swift in Sources */ = {isa = PBXBuildFile; fileRef = 3C92034B1E49564000B33213 /* WhatToDoViewController.swift */; };
		3C92034E1E49564000B33213 /* WhatToDoViewController.xib in Resources */ = {isa = PBXBuildFile; fileRef = 3C92034C1E49564000B33213 /* WhatToDoViewController.xib */; };
/* End PBXBuildFile section */

/* Begin PBXFileReference section */
		3C9203321E493CCD00B33213 /* DisasterManagement.app */ = {isa = PBXFileReference; explicitFileType = wrapper.application; includeInIndex = 0; path = DisasterManagement.app; sourceTree = BUILT_PRODUCTS_DIR; };
		3C9203351E493CCD00B33213 /* AppDelegate.swift */ = {isa = PBXFileReference; lastKnownFileType = sourcecode.swift; path = AppDelegate.swift; sourceTree = "<group>"; };
		3C9203371E493CCD00B33213 /* ViewController.swift */ = {isa = PBXFileReference; lastKnownFileType = sourcecode.swift; path = ViewController.swift; sourceTree = "<group>"; };
		3C92033A1E493CCD00B33213 /* Base */ = {isa = PBXFileReference; lastKnownFileType = file.storyboard; name = Base; path = Base.lproj/Main.storyboard; sourceTree = "<group>"; };
		3C92033C1E493CCD00B33213 /* Assets.xcassets */ = {isa = PBXFileReference; lastKnownFileType = folder.assetcatalog; path = Assets.xcassets; sourceTree = "<group>"; };
		3C92033F1E493CCD00B33213 /* Base */ = {isa = PBXFileReference; lastKnownFileType = file.storyboard; name = Base; path = Base.lproj/LaunchScreen.storyboard; sourceTree = "<group>"; };
		3C9203411E493CCD00B33213 /* Info.plist */ = {isa = PBXFileReference; lastKnownFileType = text.plist.xml; path = Info.plist; sourceTree = "<group>"; };
		3C92034B1E49564000B33213 /* WhatToDoViewController.swift */ = {isa = PBXFileReference; fileEncoding = 4; lastKnownFileType = sourcecode.swift; name = WhatToDoViewController.swift; path = ../WhatToDoViewController.swift; sourceTree = "<group>"; };
		3C92034C1E49564000B33213 /* WhatToDoViewController.xib */ = {isa = PBXFileReference; fileEncoding = 4; lastKnownFileType = file.xib; name = WhatToDoViewController.xib; path = ../WhatToDoViewController.xib; sourceTree = "<group>"; };
/* End PBXFileReference section */

/* Begin PBXFrameworksBuildPhase section */
		3C92032F1E493CCD00B33213 /* Frameworks */ = {
			isa = PBXFrameworksBuildPhase;
			buildActionMask = 2147483647;
			files = (
			);
			runOnlyForDeploymentPostprocessing = 0;
		};
/* End PBXFrameworksBuildPhase section */

/* Begin PBXGroup section */
		3C9203291E493CCD00B33213 = {
			isa = PBXGroup;
			children = (
				3C9203341E493CCD00B33213 /* DisasterManagement */,
				3C9203331E493CCD00B33213 /* Products */,
			);
			sourceTree = "<group>";
		};
		3C9203331E493CCD00B33213 /* Products */ = {
			isa = PBXGroup;
			children = (
				3C9203321E493CCD00B33213 /* DisasterManagement.app */,
			);
			name = Products;
			sourceTree = "<group>";
		};
		3C9203341E493CCD00B33213 /* DisasterManagement */ = {
			isa = PBXGroup;
			children = (
				3C9203351E493CCD00B33213 /* AppDelegate.swift */,
				3C9203371E493CCD00B33213 /* ViewController.swift */,
				3C92034B1E49564000B33213 /* WhatToDoViewController.swift */,
				3C92034C1E49564000B33213 /* WhatToDoViewController.xib */,
				3C9203391E493CCD00B33213 /* Main.storyboard */,
				3C92033C1E493CCD00B33213 /* Assets.xcassets */,
				3C92033E1E493CCD00B33213 /* LaunchScreen.storyboard */,
				3C9203411E493CCD00B33213 /* Info.plist */,
			);
			path = DisasterManagement;
			sourceTree = "<group>";
		};
/* End PBXGroup section */

/* Begin PBXNativeTarget section */
		3C9203311E493CCD00B33213 /* DisasterManagement */ = {
			isa = PBXNativeTarget;
			buildConfigurationList = 3C9203441E493CCD00B33213 /* Build configuration list for PBXNativeTarget "DisasterManagement" */;
			buildPhases = (
				3C92032E1E493CCD00B33213 /* Sources */,
				3C92032F1E493CCD00B33213 /* Frameworks */,
				3C9203301E493CCD00B33213 /* Resources */,
			);
			buildRules = (
			);
			dependencies = (
			);
			name = DisasterManagement;
			productName = DisasterManagement;
			productReference = 3C9203321E493CCD00B33213 /* DisasterManagement.app */;
			productType = "com.apple.product-type.application";
		};
/* End PBXNativeTarget section */

/* Begin PBXProject section */
		3C92032A1E493CCD00B33213 /* Project object */ = {
			isa = PBXProject;
			attributes = {
				LastSwiftUpdateCheck = 0820;
				LastUpgradeCheck = 0820;
				ORGANIZATIONNAME = Ratan;
				TargetAttributes = {
					3C9203311E493CCD00B33213 = {
						CreatedOnToolsVersion = 8.2;
						ProvisioningStyle = Automatic;
					};
				};
			};
			buildConfigurationList = 3C92032D1E493CCD00B33213 /* Build configuration list for PBXProject "DisasterManagement" */;
			compatibilityVersion = "Xcode 3.2";
			developmentRegion = English;
			hasScannedForEncodings = 0;
			knownRegions = (
				en,
				Base,
			);
			mainGroup = 3C9203291E493CCD00B33213;
			productRefGroup = 3C9203331E493CCD00B33213 /* Products */;
			projectDirPath = "";
			projectRoot = "";
			targets = (
				3C9203311E493CCD00B33213 /* DisasterManagement */,
			);
		};
/* End PBXProject section */

/* Begin PBXResourcesBuildPhase section */
		3C9203301E493CCD00B33213 /* Resources */ = {
			isa = PBXResourcesBuildPhase;
			buildActionMask = 2147483647;
			files = (
				3C92034E1E49564000B33213 /* WhatToDoViewController.xib in Resources */,
				3C9203401E493CCD00B33213 /* LaunchScreen.storyboard in Resources */,
				3C92033D1E493CCD00B33213 /* Assets.xcassets in Resources */,
				3C92033B1E493CCD00B33213 /* Main.storyboard in Resources */,
			);
			runOnlyForDeploymentPostprocessing = 0;
		};
/* End PBXResourcesBuildPhase section */

/* Begin PBXSourcesBuildPhase section */
		3C92032E1E493CCD00B33213 /* Sources */ = {
			isa = PBXSourcesBuildPhase;
			buildActionMask = 2147483647;
			files = (
				3C92034D1E49564000B33213 /* WhatToDoViewController.swift in Sources */,
				3C9203381E493CCD00B33213 /* ViewController.swift in Sources */,
				3C9203361E493CCD00B33213 /* AppDelegate.swift in Sources */,
			);
			runOnlyForDeploymentPostprocessing = 0;
		};
/* End PBXSourcesBuildPhase section */

/* Begin PBXVariantGroup section */
		3C9203391E493CCD00B33213 /* Main.storyboard */ = {
			isa = PBXVariantGroup;
			children = (
				3C92033A1E493CCD00B33213 /* Base */,
			);
			name = Main.storyboard;
			sourceTree = "<group>";
		};
		3C92033E1E493CCD00B33213 /* LaunchScreen.storyboard */ = {
			isa = PBXVariantGroup;
			children = (
				3C92033F1E493CCD00B33213 /* Base */,
			);
			name = LaunchScreen.storyboard;
			sourceTree = "<group>";
		};
/* End PBXVariantGroup section */

/* Begin XCBuildConfiguration section */
		3C9203421E493CCD00B33213 /* Debug */ = {
			isa = XCBuildConfiguration;
			buildSettings = {
				ALWAYS_SEARCH_USER_PATHS = NO;
				CLANG_ANALYZER_NONNULL = YES;
				CLANG_CXX_LANGUAGE_STANDARD = "gnu++0x";
				CLANG_CXX_LIBRARY = "libc++";
				CLANG_ENABLE_MODULES = YES;
				CLANG_ENABLE_OBJC_ARC = YES;
				CLANG_WARN_BOOL_CONVERSION = YES;
				CLANG_WARN_CONSTANT_CONVERSION = YES;
				CLANG_WARN_DIRECT_OBJC_ISA_USAGE = YES_ERROR;
				CLANG_WARN_DOCUMENTATION_COMMENTS = YES;
				CLANG_WARN_EMPTY_BODY = YES;
				CLANG_WARN_ENUM_CONVERSION = YES;
				CLANG_WARN_INFINITE_RECURSION = YES;
				CLANG_WARN_INT_CONVERSION = YES;
				CLANG_WARN_OBJC_ROOT_CLASS = YES_ERROR;
				CLANG_WARN_SUSPICIOUS_MOVE = YES;
				CLANG_WARN_UNREACHABLE_CODE = YES;
				CLANG_WARN__DUPLICATE_METHOD_MATCH = YES;
				"CODE_SIGN_IDENTITY[sdk=iphoneos*]" = "iPhone Developer";
				COPY_PHASE_STRIP = NO;
				DEBUG_INFORMATION_FORMAT = dwarf;
				ENABLE_STRICT_OBJC_MSGSEND = YES;
				ENABLE_TESTABILITY = YES;
				GCC_C_LANGUAGE_STANDARD = gnu99;
				GCC_DYNAMIC_NO_PIC = NO;
				GCC_NO_COMMON_BLOCKS = YES;
				GCC_OPTIMIZATION_LEVEL = 0;
				GCC_PREPROCESSOR_DEFINITIONS = (
					"DEBUG=1",
					"$(inherited)",
				);
				GCC_WARN_64_TO_32_BIT_CONVERSION = YES;
				GCC_WARN_ABOUT_RETURN_TYPE = YES_ERROR;
				GCC_WARN_UNDECLARED_SELECTOR = YES;
				GCC_WARN_UNINITIALIZED_AUTOS = YES_AGGRESSIVE;
				GCC_WARN_UNUSED_FUNCTION = YES;
				GCC_WARN_UNUSED_VARIABLE = YES;
				IPHONEOS_DEPLOYMENT_TARGET = 10.2;
				MTL_ENABLE_DEBUG_INFO = YES;
				ONLY_ACTIVE_ARCH = YES;
				SDKROOT = iphoneos;
				SWIFT_ACTIVE_COMPILATION_CONDITIONS = DEBUG;
				SWIFT_OPTIMIZATION_LEVEL = "-Onone";
			};
			name = Debug;
		};
		3C9203431E493CCD00B33213 /* Release */ = {
			isa = XCBuildConfiguration;
			buildSettings = {
				ALWAYS_SEARCH_USER_PATHS = NO;
				CLANG_ANALYZER_NONNULL = YES;
				CLANG_CXX_LANGUAGE_STANDARD = "gnu++0x";
				CLANG_CXX_LIBRARY = "libc++";
				CLANG_ENABLE_MODULES = YES;
				CLANG_ENABLE_OBJC_ARC = YES;
				CLANG_WARN_BOOL_CONVERSION = YES;
				CLANG_WARN_CONSTANT_CONVERSION = YES;
				CLANG_WARN_DIRECT_OBJC_ISA_USAGE = YES_ERROR;
				CLANG_WARN_DOCUMENTATION_COMMENTS = YES;
				CLANG_WARN_EMPTY_BODY = YES;
				CLANG_WARN_ENUM_CONVERSION = YES;
				CLANG_WARN_INFINITE_RECURSION = YES;
				CLANG_WARN_INT_CONVERSION = YES;
				CLANG_WARN_OBJC_ROOT_CLASS = YES_ERROR;
				CLANG_WARN_SUSPICIOUS_MOVE = YES;
				CLANG_WARN_UNREACHABLE_CODE = YES;
				CLANG_WARN__DUPLICATE_METHOD_MATCH = YES;
				"CODE_SIGN_IDENTITY[sdk=iphoneos*]" = "iPhone Developer";
				COPY_PHASE_STRIP = NO;
				DEBUG_INFORMATION_FORMAT = "dwarf-with-dsym";
				ENABLE_NS_ASSERTIONS = NO;
				ENABLE_STRICT_OBJC_MSGSEND = YES;
				GCC_C_LANGUAGE_STANDARD = gnu99;
				GCC_NO_COMMON_BLOCKS = YES;
				GCC_WARN_64_TO_32_BIT_CONVERSION = YES;
				GCC_WARN_ABOUT_RETURN_TYPE = YES_ERROR;
				GCC_WARN_UNDECLARED_SELECTOR = YES;
				GCC_WARN_UNINITIALIZED_AUTOS = YES_AGGRESSIVE;
				GCC_WARN_UNUSED_FUNCTION = YES;
				GCC_WARN_UNUSED_VARIABLE = YES;
				IPHONEOS_DEPLOYMENT_TARGET = 10.2;
				MTL_ENABLE_DEBUG_INFO = NO;
				SDKROOT = iphoneos;
				SWIFT_OPTIMIZATION_LEVEL = "-Owholemodule";
				VALIDATE_PRODUCT = YES;
			};
			name = Release;
		};
		3C9203451E493CCD00B33213 /* Debug */ = {
			isa = XCBuildConfiguration;
			buildSettings = {
				ASSETCATALOG_COMPILER_APPICON_NAME = AppIcon;
				INFOPLIST_FILE = DisasterManagement/Info.plist;
				LD_RUNPATH_SEARCH_PATHS = "$(inherited) @executable_path/Frameworks";
				PRODUCT_BUNDLE_IDENTIFIER = Ratan.DisasterManagement;
				PRODUCT_NAME = "$(TARGET_NAME)";
				SWIFT_VERSION = 3.0;
			};
			name = Debug;
		};
		3C9203461E493CCD00B33213 /* Release */ = {
			isa = XCBuildConfiguration;
			buildSettings = {
				ASSETCATALOG_COMPILER_APPICON_NAME = AppIcon;
				INFOPLIST_FILE = DisasterManagement/Info.plist;
				LD_RUNPATH_SEARCH_PATHS = "$(inherited) @executable_path/Frameworks";
				PRODUCT_BUNDLE_IDENTIFIER = Ratan.DisasterManagement;
				PRODUCT_NAME = "$(TARGET_NAME)";
				SWIFT_VERSION = 3.0;
			};
			name = Release;
		};
/* End XCBuildConfiguration section */

/* Begin XCConfigurationList section */
		3C92032D1E493CCD00B33213 /* Build configuration list for PBXProject "DisasterManagement" */ = {
			isa = XCConfigurationList;
			buildConfigurations = (
				3C9203421E493CCD00B33213 /* Debug */,
				3C9203431E493CCD00B33213 /* Release */,
			);
			defaultConfigurationIsVisible = 0;
			defaultConfigurationName = Release;
		};
		3C9203441E493CCD00B33213 /* Build configuration list for PBXNativeTarget "DisasterManagement" */ = {
			isa = XCConfigurationList;
			buildConfigurations = (
				3C9203451E493CCD00B33213 /* Debug */,
				3C9203461E493CCD00B33213 /* Release */,
			);
			defaultConfigurationIsVisible = 0;
		};
/* End XCConfigurationList section */
	};
	rootObject = 3C92032A1E493CCD00B33213 /* Project object */;
}
