// !$*UTF8*$!
{
	archiveVersion = 1;
	classes = {
	};
	objectVersion = 46;
	objects = {

/* Begin PBXBuildFile section */
		3C82D4471E9C0FC90034DA66 /* AppDelegate.swift in Sources */ = {isa = PBXBuildFile; fileRef = 3C82D4461E9C0FC90034DA66 /* AppDelegate.swift */; };
		3C82D4491E9C0FC90034DA66 /* ViewController.swift in Sources */ = {isa = PBXBuildFile; fileRef = 3C82D4481E9C0FC90034DA66 /* ViewController.swift */; };
		3C82D44C1E9C0FC90034DA66 /* Main.storyboard in Resources */ = {isa = PBXBuildFile; fileRef = 3C82D44A1E9C0FC90034DA66 /* Main.storyboard */; };
		3C82D44E1E9C0FC90034DA66 /* Assets.xcassets in Resources */ = {isa = PBXBuildFile; fileRef = 3C82D44D1E9C0FC90034DA66 /* Assets.xcassets */; };
		3C82D4511E9C0FC90034DA66 /* LaunchScreen.storyboard in Resources */ = {isa = PBXBuildFile; fileRef = 3C82D44F1E9C0FC90034DA66 /* LaunchScreen.storyboard */; };
		3C82D45C1E9C2C7D0034DA66 /* MainViewController.swift in Sources */ = {isa = PBXBuildFile; fileRef = 3C82D45A1E9C2C7D0034DA66 /* MainViewController.swift */; };
		3C82D45D1E9C2C7D0034DA66 /* MainViewController.xib in Resources */ = {isa = PBXBuildFile; fileRef = 3C82D45B1E9C2C7D0034DA66 /* MainViewController.xib */; };
/* End PBXBuildFile section */

/* Begin PBXFileReference section */
		3C82D4431E9C0FC90034DA66 /* Explore.app */ = {isa = PBXFileReference; explicitFileType = wrapper.application; includeInIndex = 0; path = Explore.app; sourceTree = BUILT_PRODUCTS_DIR; };
		3C82D4461E9C0FC90034DA66 /* AppDelegate.swift */ = {isa = PBXFileReference; lastKnownFileType = sourcecode.swift; path = AppDelegate.swift; sourceTree = "<group>"; };
		3C82D4481E9C0FC90034DA66 /* ViewController.swift */ = {isa = PBXFileReference; lastKnownFileType = sourcecode.swift; path = ViewController.swift; sourceTree = "<group>"; };
		3C82D44B1E9C0FC90034DA66 /* Base */ = {isa = PBXFileReference; lastKnownFileType = file.storyboard; name = Base; path = Base.lproj/Main.storyboard; sourceTree = "<group>"; };
		3C82D44D1E9C0FC90034DA66 /* Assets.xcassets */ = {isa = PBXFileReference; lastKnownFileType = folder.assetcatalog; path = Assets.xcassets; sourceTree = "<group>"; };
		3C82D4501E9C0FC90034DA66 /* Base */ = {isa = PBXFileReference; lastKnownFileType = file.storyboard; name = Base; path = Base.lproj/LaunchScreen.storyboard; sourceTree = "<group>"; };
		3C82D4521E9C0FC90034DA66 /* Info.plist */ = {isa = PBXFileReference; lastKnownFileType = text.plist.xml; path = Info.plist; sourceTree = "<group>"; };
		3C82D45A1E9C2C7D0034DA66 /* MainViewController.swift */ = {isa = PBXFileReference; fileEncoding = 4; lastKnownFileType = sourcecode.swift; path = MainViewController.swift; sourceTree = "<group>"; };
		3C82D45B1E9C2C7D0034DA66 /* MainViewController.xib */ = {isa = PBXFileReference; fileEncoding = 4; lastKnownFileType = file.xib; path = MainViewController.xib; sourceTree = "<group>"; };
/* End PBXFileReference section */

/* Begin PBXFrameworksBuildPhase section */
		3C82D4401E9C0FC90034DA66 /* Frameworks */ = {
			isa = PBXFrameworksBuildPhase;
			buildActionMask = 2147483647;
			files = (
			);
			runOnlyForDeploymentPostprocessing = 0;
		};
/* End PBXFrameworksBuildPhase section */

/* Begin PBXGroup section */
		3C82D43A1E9C0FC90034DA66 = {
			isa = PBXGroup;
			children = (
				3C82D4451E9C0FC90034DA66 /* Explore */,
				3C82D4441E9C0FC90034DA66 /* Products */,
			);
			sourceTree = "<group>";
		};
		3C82D4441E9C0FC90034DA66 /* Products */ = {
			isa = PBXGroup;
			children = (
				3C82D4431E9C0FC90034DA66 /* Explore.app */,
			);
			name = Products;
			sourceTree = "<group>";
		};
		3C82D4451E9C0FC90034DA66 /* Explore */ = {
			isa = PBXGroup;
			children = (
				3C82D4461E9C0FC90034DA66 /* AppDelegate.swift */,
				3C82D4481E9C0FC90034DA66 /* ViewController.swift */,
				3C82D44A1E9C0FC90034DA66 /* Main.storyboard */,
				3C82D44D1E9C0FC90034DA66 /* Assets.xcassets */,
				3C82D44F1E9C0FC90034DA66 /* LaunchScreen.storyboard */,
				3C82D4521E9C0FC90034DA66 /* Info.plist */,
				3C82D45A1E9C2C7D0034DA66 /* MainViewController.swift */,
				3C82D45B1E9C2C7D0034DA66 /* MainViewController.xib */,
			);
			path = Explore;
			sourceTree = "<group>";
		};
/* End PBXGroup section */

/* Begin PBXNativeTarget section */
		3C82D4421E9C0FC90034DA66 /* Explore */ = {
			isa = PBXNativeTarget;
			buildConfigurationList = 3C82D4551E9C0FC90034DA66 /* Build configuration list for PBXNativeTarget "Explore" */;
			buildPhases = (
				3C82D43F1E9C0FC90034DA66 /* Sources */,
				3C82D4401E9C0FC90034DA66 /* Frameworks */,
				3C82D4411E9C0FC90034DA66 /* Resources */,
			);
			buildRules = (
			);
			dependencies = (
			);
			name = Explore;
			productName = Explore;
			productReference = 3C82D4431E9C0FC90034DA66 /* Explore.app */;
			productType = "com.apple.product-type.application";
		};
/* End PBXNativeTarget section */

/* Begin PBXProject section */
		3C82D43B1E9C0FC90034DA66 /* Project object */ = {
			isa = PBXProject;
			attributes = {
				LastSwiftUpdateCheck = 0820;
				LastUpgradeCheck = 0820;
				ORGANIZATIONNAME = Ratan;
				TargetAttributes = {
					3C82D4421E9C0FC90034DA66 = {
						CreatedOnToolsVersion = 8.2;
						ProvisioningStyle = Automatic;
					};
				};
			};
			buildConfigurationList = 3C82D43E1E9C0FC90034DA66 /* Build configuration list for PBXProject "Explore" */;
			compatibilityVersion = "Xcode 3.2";
			developmentRegion = English;
			hasScannedForEncodings = 0;
			knownRegions = (
				en,
				Base,
			);
			mainGroup = 3C82D43A1E9C0FC90034DA66;
			productRefGroup = 3C82D4441E9C0FC90034DA66 /* Products */;
			projectDirPath = "";
			projectRoot = "";
			targets = (
				3C82D4421E9C0FC90034DA66 /* Explore */,
			);
		};
/* End PBXProject section */

/* Begin PBXResourcesBuildPhase section */
		3C82D4411E9C0FC90034DA66 /* Resources */ = {
			isa = PBXResourcesBuildPhase;
			buildActionMask = 2147483647;
			files = (
				3C82D4511E9C0FC90034DA66 /* LaunchScreen.storyboard in Resources */,
				3C82D44E1E9C0FC90034DA66 /* Assets.xcassets in Resources */,
				3C82D44C1E9C0FC90034DA66 /* Main.storyboard in Resources */,
				3C82D45D1E9C2C7D0034DA66 /* MainViewController.xib in Resources */,
			);
			runOnlyForDeploymentPostprocessing = 0;
		};
/* End PBXResourcesBuildPhase section */

/* Begin PBXSourcesBuildPhase section */
		3C82D43F1E9C0FC90034DA66 /* Sources */ = {
			isa = PBXSourcesBuildPhase;
			buildActionMask = 2147483647;
			files = (
				3C82D45C1E9C2C7D0034DA66 /* MainViewController.swift in Sources */,
				3C82D4491E9C0FC90034DA66 /* ViewController.swift in Sources */,
				3C82D4471E9C0FC90034DA66 /* AppDelegate.swift in Sources */,
			);
			runOnlyForDeploymentPostprocessing = 0;
		};
/* End PBXSourcesBuildPhase section */

/* Begin PBXVariantGroup section */
		3C82D44A1E9C0FC90034DA66 /* Main.storyboard */ = {
			isa = PBXVariantGroup;
			children = (
				3C82D44B1E9C0FC90034DA66 /* Base */,
			);
			name = Main.storyboard;
			sourceTree = "<group>";
		};
		3C82D44F1E9C0FC90034DA66 /* LaunchScreen.storyboard */ = {
			isa = PBXVariantGroup;
			children = (
				3C82D4501E9C0FC90034DA66 /* Base */,
			);
			name = LaunchScreen.storyboard;
			sourceTree = "<group>";
		};
/* End PBXVariantGroup section */

/* Begin XCBuildConfiguration section */
		3C82D4531E9C0FC90034DA66 /* Debug */ = {
			isa = XCBuildConfiguration;
			buildSettings = {
				ALWAYS_SEARCH_USER_PATHS = NO;
				CLANG_ANALYZER_NONNULL = YES;
				CLANG_CXX_LANGUAGE_STANDARD = "gnu++0x";
				CLANG_CXX_LIBRARY = "libc++";
				CLANG_ENABLE_MODULES = YES;
				CLANG_ENABLE_OBJC_ARC = YES;
				CLANG_WARN_BOOL_CONVERSION = YES;
				CLANG_WARN_CONSTANT_CONVERSION = YES;
				CLANG_WARN_DIRECT_OBJC_ISA_USAGE = YES_ERROR;
				CLANG_WARN_DOCUMENTATION_COMMENTS = YES;
				CLANG_WARN_EMPTY_BODY = YES;
				CLANG_WARN_ENUM_CONVERSION = YES;
				CLANG_WARN_INFINITE_RECURSION = YES;
				CLANG_WARN_INT_CONVERSION = YES;
				CLANG_WARN_OBJC_ROOT_CLASS = YES_ERROR;
				CLANG_WARN_SUSPICIOUS_MOVE = YES;
				CLANG_WARN_UNREACHABLE_CODE = YES;
				CLANG_WARN__DUPLICATE_METHOD_MATCH = YES;
				"CODE_SIGN_IDENTITY[sdk=iphoneos*]" = "iPhone Developer";
				COPY_PHASE_STRIP = NO;
				DEBUG_INFORMATION_FORMAT = dwarf;
				ENABLE_STRICT_OBJC_MSGSEND = YES;
				ENABLE_TESTABILITY = YES;
				GCC_C_LANGUAGE_STANDARD = gnu99;
				GCC_DYNAMIC_NO_PIC = NO;
				GCC_NO_COMMON_BLOCKS = YES;
				GCC_OPTIMIZATION_LEVEL = 0;
				GCC_PREPROCESSOR_DEFINITIONS = (
					"DEBUG=1",
					"$(inherited)",
				);
				GCC_WARN_64_TO_32_BIT_CONVERSION = YES;
				GCC_WARN_ABOUT_RETURN_TYPE = YES_ERROR;
				GCC_WARN_UNDECLARED_SELECTOR = YES;
				GCC_WARN_UNINITIALIZED_AUTOS = YES_AGGRESSIVE;
				GCC_WARN_UNUSED_FUNCTION = YES;
				GCC_WARN_UNUSED_VARIABLE = YES;
				IPHONEOS_DEPLOYMENT_TARGET = 10.2;
				MTL_ENABLE_DEBUG_INFO = YES;
				ONLY_ACTIVE_ARCH = YES;
				SDKROOT = iphoneos;
				SWIFT_ACTIVE_COMPILATION_CONDITIONS = DEBUG;
				SWIFT_OPTIMIZATION_LEVEL = "-Onone";
			};
			name = Debug;
		};
		3C82D4541E9C0FC90034DA66 /* Release */ = {
			isa = XCBuildConfiguration;
			buildSettings = {
				ALWAYS_SEARCH_USER_PATHS = NO;
				CLANG_ANALYZER_NONNULL = YES;
				CLANG_CXX_LANGUAGE_STANDARD = "gnu++0x";
				CLANG_CXX_LIBRARY = "libc++";
				CLANG_ENABLE_MODULES = YES;
				CLANG_ENABLE_OBJC_ARC = YES;
				CLANG_WARN_BOOL_CONVERSION = YES;
				CLANG_WARN_CONSTANT_CONVERSION = YES;
				CLANG_WARN_DIRECT_OBJC_ISA_USAGE = YES_ERROR;
				CLANG_WARN_DOCUMENTATION_COMMENTS = YES;
				CLANG_WARN_EMPTY_BODY = YES;
				CLANG_WARN_ENUM_CONVERSION = YES;
				CLANG_WARN_INFINITE_RECURSION = YES;
				CLANG_WARN_INT_CONVERSION = YES;
				CLANG_WARN_OBJC_ROOT_CLASS = YES_ERROR;
				CLANG_WARN_SUSPICIOUS_MOVE = YES;
				CLANG_WARN_UNREACHABLE_CODE = YES;
				CLANG_WARN__DUPLICATE_METHOD_MATCH = YES;
				"CODE_SIGN_IDENTITY[sdk=iphoneos*]" = "iPhone Developer";
				COPY_PHASE_STRIP = NO;
				DEBUG_INFORMATION_FORMAT = "dwarf-with-dsym";
				ENABLE_NS_ASSERTIONS = NO;
				ENABLE_STRICT_OBJC_MSGSEND = YES;
				GCC_C_LANGUAGE_STANDARD = gnu99;
				GCC_NO_COMMON_BLOCKS = YES;
				GCC_WARN_64_TO_32_BIT_CONVERSION = YES;
				GCC_WARN_ABOUT_RETURN_TYPE = YES_ERROR;
				GCC_WARN_UNDECLARED_SELECTOR = YES;
				GCC_WARN_UNINITIALIZED_AUTOS = YES_AGGRESSIVE;
				GCC_WARN_UNUSED_FUNCTION = YES;
				GCC_WARN_UNUSED_VARIABLE = YES;
				IPHONEOS_DEPLOYMENT_TARGET = 10.2;
				MTL_ENABLE_DEBUG_INFO = NO;
				SDKROOT = iphoneos;
				SWIFT_OPTIMIZATION_LEVEL = "-Owholemodule";
				VALIDATE_PRODUCT = YES;
			};
			name = Release;
		};
		3C82D4561E9C0FC90034DA66 /* Debug */ = {
			isa = XCBuildConfiguration;
			buildSettings = {
				ASSETCATALOG_COMPILER_APPICON_NAME = AppIcon;
				INFOPLIST_FILE = Explore/Info.plist;
				LD_RUNPATH_SEARCH_PATHS = "$(inherited) @executable_path/Frameworks";
				PRODUCT_BUNDLE_IDENTIFIER = Ratan.Explore;
				PRODUCT_NAME = "$(TARGET_NAME)";
				SWIFT_VERSION = 3.0;
			};
			name = Debug;
		};
		3C82D4571E9C0FC90034DA66 /* Release */ = {
			isa = XCBuildConfiguration;
			buildSettings = {
				ASSETCATALOG_COMPILER_APPICON_NAME = AppIcon;
				INFOPLIST_FILE = Explore/Info.plist;
				LD_RUNPATH_SEARCH_PATHS = "$(inherited) @executable_path/Frameworks";
				PRODUCT_BUNDLE_IDENTIFIER = Ratan.Explore;
				PRODUCT_NAME = "$(TARGET_NAME)";
				SWIFT_VERSION = 3.0;
			};
			name = Release;
		};
/* End XCBuildConfiguration section */

/* Begin XCConfigurationList section */
		3C82D43E1E9C0FC90034DA66 /* Build configuration list for PBXProject "Explore" */ = {
			isa = XCConfigurationList;
			buildConfigurations = (
				3C82D4531E9C0FC90034DA66 /* Debug */,
				3C82D4541E9C0FC90034DA66 /* Release */,
			);
			defaultConfigurationIsVisible = 0;
			defaultConfigurationName = Release;
		};
		3C82D4551E9C0FC90034DA66 /* Build configuration list for PBXNativeTarget "Explore" */ = {
			isa = XCConfigurationList;
			buildConfigurations = (
				3C82D4561E9C0FC90034DA66 /* Debug */,
				3C82D4571E9C0FC90034DA66 /* Release */,
			);
			defaultConfigurationIsVisible = 0;
		};
/* End XCConfigurationList section */
	};
	rootObject = 3C82D43B1E9C0FC90034DA66 /* Project object */;
}
